{
  "version": 4,
  "terraform_version": "1.11.4",
  "serial": 8,
  "lineage": "96fbb795-3668-353f-06c6-a1616f68ac9d",
  "outputs": {},
  "resources": [
    {
      "mode": "data",
      "type": "aws_iam_policy_document",
      "name": "assume_role",
      "provider": "provider[\"registry.terraform.io/hashicorp/aws\"]",
      "instances": [
        {
          "schema_version": 0,
          "attributes": {
            "id": "2851119427",
            "json": "{\n  \"Version\": \"2012-10-17\",\n  \"Statement\": [\n    {\n      \"Effect\": \"Allow\",\n      \"Action\": \"sts:AssumeRole\",\n      \"Principal\": {\n        \"Service\": \"ec2.amazonaws.com\"\n      }\n    }\n  ]\n}",
            "minified_json": "{\"Version\":\"2012-10-17\",\"Statement\":[{\"Effect\":\"Allow\",\"Action\":\"sts:AssumeRole\",\"Principal\":{\"Service\":\"ec2.amazonaws.com\"}}]}",
            "override_json": null,
            "override_policy_documents": null,
            "policy_id": null,
            "source_json": null,
            "source_policy_documents": null,
            "statement": [
              {
                "actions": [
                  "sts:AssumeRole"
                ],
                "condition": [],
                "effect": "Allow",
                "not_actions": [],
                "not_principals": [],
                "not_resources": [],
                "principals": [
                  {
                    "identifiers": [
                      "ec2.amazonaws.com"
                    ],
                    "type": "Service"
                  }
                ],
                "resources": [],
                "sid": ""
              }
            ],
            "version": "2012-10-17"
          },
          "sensitive_attributes": []
        }
      ]
    },
    {
      "mode": "data",
      "type": "aws_iam_policy_document",
      "name": "assume_role_policy",
      "provider": "provider[\"registry.terraform.io/hashicorp/aws\"]",
      "instances": [
        {
          "schema_version": 0,
          "attributes": {
            "id": "2343144878",
            "json": "{\n  \"Version\": \"2012-10-17\",\n  \"Statement\": [\n    {\n      \"Effect\": \"Allow\",\n      \"Action\": \"sts:AssumeRoleWithWebIdentity\",\n      \"Principal\": {\n        \"Federated\": \"arn:aws:iam::306210408087:oidc-provider/token.actions.githubusercontent.com\"\n      },\n      \"Condition\": {\n        \"StringEquals\": {\n          \"token.actions.githubusercontent.com:sub\": \"repo:gunbos/my-infra-repo:ref:refs/heads/main\"\n        }\n      }\n    }\n  ]\n}",
            "minified_json": "{\"Version\":\"2012-10-17\",\"Statement\":[{\"Effect\":\"Allow\",\"Action\":\"sts:AssumeRoleWithWebIdentity\",\"Principal\":{\"Federated\":\"arn:aws:iam::306210408087:oidc-provider/token.actions.githubusercontent.com\"},\"Condition\":{\"StringEquals\":{\"token.actions.githubusercontent.com:sub\":\"repo:gunbos/my-infra-repo:ref:refs/heads/main\"}}}]}",
            "override_json": null,
            "override_policy_documents": null,
            "policy_id": null,
            "source_json": null,
            "source_policy_documents": null,
            "statement": [
              {
                "actions": [
                  "sts:AssumeRoleWithWebIdentity"
                ],
                "condition": [
                  {
                    "test": "StringEquals",
                    "values": [
                      "repo:gunbos/my-infra-repo:ref:refs/heads/main"
                    ],
                    "variable": "token.actions.githubusercontent.com:sub"
                  }
                ],
                "effect": "Allow",
                "not_actions": [],
                "not_principals": [],
                "not_resources": [],
                "principals": [
                  {
                    "identifiers": [
                      "arn:aws:iam::306210408087:oidc-provider/token.actions.githubusercontent.com"
                    ],
                    "type": "Federated"
                  }
                ],
                "resources": [],
                "sid": ""
              }
            ],
            "version": "2012-10-17"
          },
          "sensitive_attributes": []
        }
      ]
    },
    {
      "mode": "data",
      "type": "aws_iam_policy_document",
      "name": "ec2_admin_permissions",
      "provider": "provider[\"registry.terraform.io/hashicorp/aws\"]",
      "instances": [
        {
          "schema_version": 0,
          "attributes": {
            "id": "436197847",
            "json": "{\n  \"Version\": \"2012-10-17\",\n  \"Statement\": [\n    {\n      \"Effect\": \"Allow\",\n      \"Action\": \"ec2:*\",\n      \"Resource\": \"*\"\n    }\n  ]\n}",
            "minified_json": "{\"Version\":\"2012-10-17\",\"Statement\":[{\"Effect\":\"Allow\",\"Action\":\"ec2:*\",\"Resource\":\"*\"}]}",
            "override_json": null,
            "override_policy_documents": null,
            "policy_id": null,
            "source_json": null,
            "source_policy_documents": null,
            "statement": [
              {
                "actions": [
                  "ec2:*"
                ],
                "condition": [],
                "effect": "Allow",
                "not_actions": [],
                "not_principals": [],
                "not_resources": [],
                "principals": [],
                "resources": [
                  "*"
                ],
                "sid": ""
              }
            ],
            "version": "2012-10-17"
          },
          "sensitive_attributes": []
        }
      ]
    },
    {
      "mode": "data",
      "type": "tls_certificate",
      "name": "github",
      "provider": "provider[\"registry.terraform.io/hashicorp/tls\"]",
      "instances": [
        {
          "schema_version": 0,
          "attributes": {
            "certificates": [
              {
                "cert_pem": "-----BEGIN CERTIFICATE-----\nMIIFgTCCBGmgAwIBAgIQOXJEOvkit1HX02wQ3TE1lTANBgkqhkiG9w0BAQwFADB7\nMQswCQYDVQQGEwJHQjEbMBkGA1UECAwSR3JlYXRlciBNYW5jaGVzdGVyMRAwDgYD\nVQQHDAdTYWxmb3JkMRowGAYDVQQKDBFDb21vZG8gQ0EgTGltaXRlZDEhMB8GA1UE\nAwwYQUFBIENlcnRpZmljYXRlIFNlcnZpY2VzMB4XDTE5MDMxMjAwMDAwMFoXDTI4\nMTIzMTIzNTk1OVowgYgxCzAJBgNVBAYTAlVTMRMwEQYDVQQIEwpOZXcgSmVyc2V5\nMRQwEgYDVQQHEwtKZXJzZXkgQ2l0eTEeMBwGA1UEChMVVGhlIFVTRVJUUlVTVCBO\nZXR3b3JrMS4wLAYDVQQDEyVVU0VSVHJ1c3QgUlNBIENlcnRpZmljYXRpb24gQXV0\naG9yaXR5MIICIjANBgkqhkiG9w0BAQEFAAOCAg8AMIICCgKCAgEAgBJlFzYOw9sI\ns9CsVw127c0n00ytUINh4qogTQktZAnczomfzD2p7PbPwdzx07HWezcoEStH2jnG\nvDoZtF+mvX2do2NCtnbyqTsrkfjib9DsFiCQCT7i6HTJGLSR1GJk23+jBvGIGGqQ\nIjy8/hPwhxR79uQfjtTkUcYRZ0YIUcuGFFQ/vDP+fmyc/xadGL1RjjWmp2bIcmfb\nIWax1Jt4A8BQOujM8Ny8nkz+rwWWNR9XWrf/zvk9tyy29lTdyOcSOk2uTIq3XJq0\ntyA9yn8iNK5+O2hmAUTnAU5GU5szYPeUvlM3kHND8zLDU+/bqv50TmnHa4xgk97E\nxwzf4TKuzJM7UXiVZ4vuPVb+DNBpDxsP8yUmazNt925H+nND5X4OpWaxKXwyhGNV\nicQNwZNUMBkTrNN9N6frXTpsNVzbQdcS2qlJC9/YgIoJk2KOtWbPJYjNhLixP6Q5\nD9kCnusSTJV882sFqV4Wg8y4Z+LoE53MW4LTTLPtW//e5XOsIzstAL81VXQJSdhJ\nWBp/kjbmUZIO8yZ9HE0XvMnsQybQv0FfQKlERPSZ51eHnlAfV1SoPv10Yy+xUGUJ\n5lhCLkMaTLTwJUdZ+gQek9QmRkpQgbLevni3/GcV4clXhB4PY9bpYrrWX1Uu6lzG\nKAgEJTm4Diup8kyXHAc/DVL17e8vgg8CAwEAAaOB8jCB7zAfBgNVHSMEGDAWgBSg\nEQojPpbxB+zirynvgqV/0DCktDAdBgNVHQ4EFgQUU3m/WqorSs9UgOHYm8Cd8rID\nZsswDgYDVR0PAQH/BAQDAgGGMA8GA1UdEwEB/wQFMAMBAf8wEQYDVR0gBAowCDAG\nBgRVHSAAMEMGA1UdHwQ8MDowOKA2oDSGMmh0dHA6Ly9jcmwuY29tb2RvY2EuY29t\nL0FBQUNlcnRpZmljYXRlU2VydmljZXMuY3JsMDQGCCsGAQUFBwEBBCgwJjAkBggr\nBgEFBQcwAYYYaHR0cDovL29jc3AuY29tb2RvY2EuY29tMA0GCSqGSIb3DQEBDAUA\nA4IBAQAYh1HcdCE9nIrgJ7cz0C7M7PDmy14R3iJvm3WOnnL+5Nb+qh+cli3vA0p+\nrvSNb3I8QzvAP+u431yqqcau8vzY7qN7Q/aGNnwU4M309z/+3ri0ivCRlv79Q2R+\n/czSAaF9ffgZGclCKxO/WIu6pKJmBHaIkU4MiRTOok3JMrO66BQavHHxW/BBC5gA\nCiIDEOUMsfnNkjcZ7Tvx5Dq2+UUTJnWvu6rvP3t3O9LEApE9GQDTF1w52z97GA1F\nzZOFli9d31kWTz9RvdVFGD/tSo7oBmF0Ixa1DVBzJ0RHfxBdiSprhTEUxOipakyA\nvGp4z7h/jnZymQyd/teRCBaho1+V\n-----END CERTIFICATE-----\n",
                "is_ca": true,
                "issuer": "CN=AAA Certificate Services,O=Comodo CA Limited,L=Salford,ST=Greater Manchester,C=GB",
                "not_after": "2028-12-31T23:59:59Z",
                "not_before": "2019-03-12T00:00:00Z",
                "public_key_algorithm": "RSA",
                "serial_number": "76359301477803385872276235234032301461",
                "sha1_fingerprint": "d89e3bd43d5d909b47a18977aa9d5ce36cee184c",
                "signature_algorithm": "SHA384-RSA",
                "subject": "CN=USERTrust RSA Certification Authority,O=The USERTRUST Network,L=Jersey City,ST=New Jersey,C=US",
                "version": 3
              },
              {
                "cert_pem": "-----BEGIN CERTIFICATE-----\nMIIGEzCCA/ugAwIBAgIQfVtRJrR2uhHbdBYLvFMNpzANBgkqhkiG9w0BAQwFADCB\niDELMAkGA1UEBhMCVVMxEzARBgNVBAgTCk5ldyBKZXJzZXkxFDASBgNVBAcTC0pl\ncnNleSBDaXR5MR4wHAYDVQQKExVUaGUgVVNFUlRSVVNUIE5ldHdvcmsxLjAsBgNV\nBAMTJVVTRVJUcnVzdCBSU0EgQ2VydGlmaWNhdGlvbiBBdXRob3JpdHkwHhcNMTgx\nMTAyMDAwMDAwWhcNMzAxMjMxMjM1OTU5WjCBjzELMAkGA1UEBhMCR0IxGzAZBgNV\nBAgTEkdyZWF0ZXIgTWFuY2hlc3RlcjEQMA4GA1UEBxMHU2FsZm9yZDEYMBYGA1UE\nChMPU2VjdGlnbyBMaW1pdGVkMTcwNQYDVQQDEy5TZWN0aWdvIFJTQSBEb21haW4g\nVmFsaWRhdGlvbiBTZWN1cmUgU2VydmVyIENBMIIBIjANBgkqhkiG9w0BAQEFAAOC\nAQ8AMIIBCgKCAQEA1nMz1tc8INAA0hdFuNY+B6I/x0HuMjDJsGz99J/LEpgPLT+N\nTQEMgg8Xf2Iu6bhIefsWg06t1zIlk7cHv7lQP6lMw0Aq6Tn/2YHKHxYyQdqAJrkj\neocgHuP/IJo8lURvh3UGkEC0MpMWCRAIIz7S3YcPb11RFGoKacVPAXJpz9OTTG0E\noKMbgn6xmrntxZ7FN3ifmgg0+1YuWMQJDgZkW7w33PGfKGioVrCSo1yfu4iYCBsk\nHaswha6vsC6eep3BwEIc4gLw6uBK0u+QDrTBQBbwb4VCSmT3pDCg/r8uoydajotY\nuK3DGReEY+1vVv2Dy2A0xHS+5p3b4eTlygxfFQIDAQABo4IBbjCCAWowHwYDVR0j\nBBgwFoAUU3m/WqorSs9UgOHYm8Cd8rIDZsswHQYDVR0OBBYEFI2MXsRUrYrhd+mb\n+ZsF4bgBjWHhMA4GA1UdDwEB/wQEAwIBhjASBgNVHRMBAf8ECDAGAQH/AgEAMB0G\nA1UdJQQWMBQGCCsGAQUFBwMBBggrBgEFBQcDAjAbBgNVHSAEFDASMAYGBFUdIAAw\nCAYGZ4EMAQIBMFAGA1UdHwRJMEcwRaBDoEGGP2h0dHA6Ly9jcmwudXNlcnRydXN0\nLmNvbS9VU0VSVHJ1c3RSU0FDZXJ0aWZpY2F0aW9uQXV0aG9yaXR5LmNybDB2Bggr\nBgEFBQcBAQRqMGgwPwYIKwYBBQUHMAKGM2h0dHA6Ly9jcnQudXNlcnRydXN0LmNv\nbS9VU0VSVHJ1c3RSU0FBZGRUcnVzdENBLmNydDAlBggrBgEFBQcwAYYZaHR0cDov\nL29jc3AudXNlcnRydXN0LmNvbTANBgkqhkiG9w0BAQwFAAOCAgEAMr9hvQ5Iw0/H\nukdN+Jx4GQHcEx2Ab/zDcLRSmjEzmldS+zGea6TvVKqJjUAXaPgREHzSyrHxVYbH\n7rM2kYb2OVG/Rr8PoLq0935JxCo2F57kaDl6r5ROVm+yezu/Coa9zcV3HAO4OLGi\nH19+24rcRki2aArPsrW04jTkZ6k4Zgle0rj8nSg6F0AnwnJOKf0hPHzPE/uWLMUx\nRP0T7dWbqWlod3zu4f+k+TY4CFM5ooQ0nBnzvg6s1SQ36yOoeNDT5++SR2RiOSLv\nxvcRviKFxmZEJCaOEDKNyJOuB56DPi/Z+fVGjmO+wea03KbNIaiGCpXZLoUmGv38\nsbZXQm2V0TP2ORQGgkE49Y9Y3IBbpNV9lXj9p5v//cWoaasm56ekBYdbqbe4oyAL\nl6lFhd2zi+WJN44pDfwGF/Y4QA5C5BIG+3vzxhFoYt/jmPQT2BVPi7Fp2RBgvGQq\n6jG35LWjOhSbJuMLe/0CjraZwTiXWTb2qHSihrZe68Zk6s+go/lunrotEbaGmAhY\nLcmsJWTyXnW0OMGuf1pGg+pRyrbxmRE1a6Vqe8YAsOf4vmSyrcjC8azjUeqkk+B5\nyOGBQMkKW+ESPMFgKuOXwIlCypTPRpgSabuY0MLTDXJLR27lk8QyKGOHQ+SwMj4K\n00u/I5sUKUErmgQfky3xxzlIPK1aEn8=\n-----END CERTIFICATE-----\n",
                "is_ca": true,
                "issuer": "CN=USERTrust RSA Certification Authority,O=The USERTRUST Network,L=Jersey City,ST=New Jersey,C=US",
                "not_after": "2030-12-31T23:59:59Z",
                "not_before": "2018-11-02T00:00:00Z",
                "public_key_algorithm": "RSA",
                "serial_number": "166627644428940058458651716034439089575",
                "sha1_fingerprint": "33e4e80807204c2b6182a3a14b591acd25b5f0db",
                "signature_algorithm": "SHA384-RSA",
                "subject": "CN=Sectigo RSA Domain Validation Secure Server CA,O=Sectigo Limited,L=Salford,ST=Greater Manchester,C=GB",
                "version": 3
              },
              {
                "cert_pem": "-----BEGIN CERTIFICATE-----\nMIIHaDCCBlCgAwIBAgIRAJPStHPK5CQSa0JN71PyO7UwDQYJKoZIhvcNAQELBQAw\ngY8xCzAJBgNVBAYTAkdCMRswGQYDVQQIExJHcmVhdGVyIE1hbmNoZXN0ZXIxEDAO\nBgNVBAcTB1NhbGZvcmQxGDAWBgNVBAoTD1NlY3RpZ28gTGltaXRlZDE3MDUGA1UE\nAxMuU2VjdGlnbyBSU0EgRG9tYWluIFZhbGlkYXRpb24gU2VjdXJlIFNlcnZlciBD\nQTAeFw0yNDA3MDgwMDAwMDBaFw0yNTA3MDgyMzU5NTlaMCoxKDAmBgNVBAMMHyou\nYWN0aW9ucy5naXRodWJ1c2VyY29udGVudC5jb20wggIiMA0GCSqGSIb3DQEBAQUA\nA4ICDwAwggIKAoICAQDo4bImOjN2CKPLUnYciOPgwTvPUMG34nROjJCpDRdP+8Wv\nfsTf8oyR7gtVKSmDdkFWYPt7wWk20xbECEZdiCYqhcXsoWqfqCKEfp/cruNzwtQK\ncsfmpziyhnuQuQ+n6TL6cewi8+mdSgTUt7UDKSPaM7X5dJiQ/Au54Tj7l2T8Wf+g\n8PZdsAWUfmu+Ku8YxoBo4QaeSPxiZcPpMLzdy2wMV6RoA8t0uJSFztJAQu6rsgOl\nG1KK0TqTjGsNQz2FTISR7JEaDH9NK7BXJIXRG9Jn64LKHnC0cnF/y/kZ/qO1E+Bn\nMpLZOz2O8LcOMQU2LwlLESEBWaOHaWXryoJDPC03HNI4ysDKfHwQJtUkNFLrpOm6\nIsB409EhgW5jgGaNJGMatW4LKeuatmpwGRmQNLUPu5inpE8ogu7MdAej/DPGWUm8\nanjWIdK/61Gj/XDnHbFhInCvupY7yBiSbgDgs6t+F67Dyu6EiSP8trp1ejKr9kOj\n/0nFNu5lKqqUVXO9ZdAMmARtaWN23gLMxbGOJyvZXfvSoWYli+hNaiiafewcoIRH\n2U9/+wTltsuIDWAAkZMQ5uAJZvZ0c280MI1ZxFjYhjUZtuzqoCP49tJ9e9/ku72/\nUW00KWbHrrUUDcJd2o2xP3hLmlbexqkWhGksv4hbP0x6d2MPO+/8uTbXY4ORfwID\nAQABo4IDITCCAx0wHwYDVR0jBBgwFoAUjYxexFStiuF36Zv5mwXhuAGNYeEwHQYD\nVR0OBBYEFBB+AKRKk8n6lBaK7fGe1WquRSwKMA4GA1UdDwEB/wQEAwIFoDAMBgNV\nHRMBAf8EAjAAMB0GA1UdJQQWMBQGCCsGAQUFBwMBBggrBgEFBQcDAjBJBgNVHSAE\nQjBAMDQGCysGAQQBsjEBAgIHMCUwIwYIKwYBBQUHAgEWF2h0dHBzOi8vc2VjdGln\nby5jb20vQ1BTMAgGBmeBDAECATCBhAYIKwYBBQUHAQEEeDB2ME8GCCsGAQUFBzAC\nhkNodHRwOi8vY3J0LnNlY3RpZ28uY29tL1NlY3RpZ29SU0FEb21haW5WYWxpZGF0\naW9uU2VjdXJlU2VydmVyQ0EuY3J0MCMGCCsGAQUFBzABhhdodHRwOi8vb2NzcC5z\nZWN0aWdvLmNvbTCCAX8GCisGAQQB1nkCBAIEggFvBIIBawFpAHUA3dzKNJXX4RYF\n55Uy+sef+D0cUN/bADoUEnYKLKy7yCoAAAGQj6U8BgAABAMARjBEAiAqLo8wDJRk\nWL+JMB3JmexKL4ugh5NP0dFIZMU2TY2bswIgQHtzAFZqQmJun/RUdngNRDmkA3HK\nGiXY0QmVwul/BpAAdwAN4fIwK9MNwUBiEgnqVS78R3R8sdfpMO8OQh60fk6qNAAA\nAZCPpTvcAAAEAwBIMEYCIQDizVlgOl4dSjw8rj64tNqly5EHdNOawh+JoPS8cwbl\ndgIhAJsW/Rxv4xVc/QLU6IajxC8CbEPTpOMRLXA7DhqzVn7EAHcAEvFONL1TckyE\nBhnDjz96E/jntWKHiJxtMAWE6+WGJjoAAAGQj6U7qwAABAMASDBGAiEAx7qSQTPH\nDFkvcOfgioODlWNRhZvOO3tnTO4kYt1ubPMCIQCQgl9KCM4j+C66C2/S87bTnQ6t\n9AXo9qI68HsRRqDSizBJBgNVHREEQjBAgh8qLmFjdGlvbnMuZ2l0aHVidXNlcmNv\nbnRlbnQuY29tgh1hY3Rpb25zLmdpdGh1YnVzZXJjb250ZW50LmNvbTANBgkqhkiG\n9w0BAQsFAAOCAQEAVb9+iUtlsPIfBDLYuOOD0Cn2T3Au0QDjbwRsY3TYIqSjwemk\n5CYuecJnFyOM6FVZ5IwZtr7gBbgLECiIGe7kN/zZ2gIXRKnH3Sk3WatYWKt4disK\nHMHjkaJzsVYE+oSnEuW+hOJiYDCPbRt2bKrdmVScoFJ5QKuEQczFefCEjaoQf1S4\n4YMniGkl+RfsLXCkdsq/ylAZMGqFGTpDtwxmt2NMQiH5vD8BaD+tbsKQ9O/9tSFI\nH56u+fcqnh55elQyE+HunPZGJ42KovjahZC6ubBCkZFmdybJth76EHqJRE595wwQ\nlUS6z5DuTN7D7iYE3dMool/bpxeLWJhj0lKzvw==\n-----END CERTIFICATE-----\n",
                "is_ca": false,
                "issuer": "CN=Sectigo RSA Domain Validation Secure Server CA,O=Sectigo Limited,L=Salford,ST=Greater Manchester,C=GB",
                "not_after": "2025-07-08T23:59:59Z",
                "not_before": "2024-07-08T00:00:00Z",
                "public_key_algorithm": "RSA",
                "serial_number": "196490557728434070975673617422193146805",
                "sha1_fingerprint": "74f3a68f16524f15424927704c9506f55a9316bd",
                "signature_algorithm": "SHA256-RSA",
                "subject": "CN=*.actions.githubusercontent.com",
                "version": 3
              }
            ],
            "content": null,
            "id": "8d232a145587e7e891fc7c3dc13630d472810d21",
            "url": "https://token.actions.githubusercontent.com",
            "verify_chain": true
          },
          "sensitive_attributes": []
        }
      ]
    },
    {
      "mode": "managed",
      "type": "aws_iam_instance_profile",
      "name": "instance",
      "provider": "provider[\"registry.terraform.io/hashicorp/aws\"]",
      "instances": [
        {
          "schema_version": 0,
          "attributes": {
            "arn": "arn:aws:iam::306210408087:instance-profile/terraform-20250506130934272300000003",
            "create_date": "2025-05-06T13:09:34Z",
            "id": "terraform-20250506130934272300000003",
            "name": "terraform-20250506130934272300000003",
            "name_prefix": "terraform-",
            "path": "/",
            "role": "terraform-example20250506130932700800000001",
            "tags": {},
            "tags_all": {},
            "unique_id": "AIPAUOS4QA2LY62Q42EV2"
          },
          "sensitive_attributes": [],
          "private": "bnVsbA==",
          "dependencies": [
            "aws_iam_role.instance",
            "data.aws_iam_policy_document.assume_role"
          ]
        }
      ]
    },
    {
      "mode": "managed",
      "type": "aws_iam_openid_connect_provider",
      "name": "github_actions",
      "provider": "provider[\"registry.terraform.io/hashicorp/aws\"]",
      "instances": [
        {
          "schema_version": 0,
          "attributes": {
            "arn": "arn:aws:iam::306210408087:oidc-provider/token.actions.githubusercontent.com",
            "client_id_list": [
              "sts.amazonaws.com"
            ],
            "id": "arn:aws:iam::306210408087:oidc-provider/token.actions.githubusercontent.com",
            "tags": null,
            "tags_all": {},
            "thumbprint_list": [
              "d89e3bd43d5d909b47a18977aa9d5ce36cee184c"
            ],
            "url": "token.actions.githubusercontent.com"
          },
          "sensitive_attributes": [],
          "private": "bnVsbA==",
          "dependencies": [
            "data.tls_certificate.github"
          ]
        }
      ]
    },
    {
      "mode": "managed",
      "type": "aws_iam_role",
      "name": "instance",
      "provider": "provider[\"registry.terraform.io/hashicorp/aws\"]",
      "instances": [
        {
          "schema_version": 0,
          "attributes": {
            "arn": "arn:aws:iam::306210408087:role/terraform-example20250506130932700800000001",
            "assume_role_policy": "{\"Statement\":[{\"Action\":\"sts:AssumeRole\",\"Effect\":\"Allow\",\"Principal\":{\"Service\":\"ec2.amazonaws.com\"}}],\"Version\":\"2012-10-17\"}",
            "create_date": "2025-05-06T13:09:33Z",
            "description": "",
            "force_detach_policies": false,
            "id": "terraform-example20250506130932700800000001",
            "inline_policy": [
              {
                "name": "terraform-20250506130934271900000002",
                "policy": "{\"Version\":\"2012-10-17\",\"Statement\":[{\"Action\":\"ec2:*\",\"Effect\":\"Allow\",\"Resource\":\"*\"}]}"
              }
            ],
            "managed_policy_arns": [],
            "max_session_duration": 3600,
            "name": "terraform-example20250506130932700800000001",
            "name_prefix": "terraform-example",
            "path": "/",
            "permissions_boundary": "",
            "tags": {},
            "tags_all": {},
            "unique_id": "AROAUOS4QA2L6CS3FG3KA"
          },
          "sensitive_attributes": [],
          "private": "bnVsbA==",
          "dependencies": [
            "data.aws_iam_policy_document.assume_role"
          ]
        }
      ]
    },
    {
      "mode": "managed",
      "type": "aws_iam_role_policy",
      "name": "example",
      "provider": "provider[\"registry.terraform.io/hashicorp/aws\"]",
      "instances": [
        {
          "schema_version": 0,
          "attributes": {
            "id": "terraform-example20250506130932700800000001:terraform-20250506130934271900000002",
            "name": "terraform-20250506130934271900000002",
            "name_prefix": "terraform-",
            "policy": "{\"Version\":\"2012-10-17\",\"Statement\":[{\"Action\":\"ec2:*\",\"Effect\":\"Allow\",\"Resource\":\"*\"}]}",
            "role": "terraform-example20250506130932700800000001"
          },
          "sensitive_attributes": [],
          "private": "bnVsbA==",
          "dependencies": [
            "aws_iam_role.instance",
            "data.aws_iam_policy_document.assume_role",
            "data.aws_iam_policy_document.ec2_admin_permissions"
          ]
        }
      ]
    },
    {
      "mode": "managed",
      "type": "aws_instance",
      "name": "example",
      "provider": "provider[\"registry.terraform.io/hashicorp/aws\"]",
      "instances": [
        {
          "schema_version": 1,
          "attributes": {
            "ami": "ami-0d5bb3742db8fc264",
            "arn": "arn:aws:ec2:ap-northeast-2:306210408087:instance/i-0e5cf92cb811178df",
            "associate_public_ip_address": true,
            "availability_zone": "ap-northeast-2a",
            "capacity_reservation_specification": [
              {
                "capacity_reservation_preference": "open",
                "capacity_reservation_target": []
              }
            ],
            "cpu_core_count": 1,
            "cpu_options": [
              {
                "amd_sev_snp": "",
                "core_count": 1,
                "threads_per_core": 1
              }
            ],
            "cpu_threads_per_core": 1,
            "credit_specification": [
              {
                "cpu_credits": "standard"
              }
            ],
            "disable_api_stop": false,
            "disable_api_termination": false,
            "ebs_block_device": [],
            "ebs_optimized": false,
            "enable_primary_ipv6": null,
            "enclave_options": [
              {
                "enabled": false
              }
            ],
            "ephemeral_block_device": [],
            "get_password_data": false,
            "hibernation": false,
            "host_id": "",
            "host_resource_group_arn": null,
            "iam_instance_profile": "terraform-20250506130934272300000003",
            "id": "i-0e5cf92cb811178df",
            "instance_initiated_shutdown_behavior": "stop",
            "instance_lifecycle": "",
            "instance_market_options": [],
            "instance_state": "running",
            "instance_type": "t2.micro",
            "ipv6_address_count": 0,
            "ipv6_addresses": [],
            "key_name": "",
            "launch_template": [],
            "maintenance_options": [
              {
                "auto_recovery": "default"
              }
            ],
            "metadata_options": [
              {
                "http_endpoint": "enabled",
                "http_protocol_ipv6": "disabled",
                "http_put_response_hop_limit": 2,
                "http_tokens": "required",
                "instance_metadata_tags": "disabled"
              }
            ],
            "monitoring": false,
            "network_interface": [],
            "outpost_arn": "",
            "password_data": "",
            "placement_group": "",
            "placement_partition_number": 0,
            "primary_network_interface_id": "eni-0cc98d8743d986277",
            "private_dns": "ip-172-31-0-166.ap-northeast-2.compute.internal",
            "private_dns_name_options": [
              {
                "enable_resource_name_dns_a_record": false,
                "enable_resource_name_dns_aaaa_record": false,
                "hostname_type": "ip-name"
              }
            ],
            "private_ip": "172.31.0.166",
            "public_dns": "ec2-3-34-139-105.ap-northeast-2.compute.amazonaws.com",
            "public_ip": "3.34.139.105",
            "root_block_device": [
              {
                "delete_on_termination": true,
                "device_name": "/dev/sda1",
                "encrypted": false,
                "iops": 3000,
                "kms_key_id": "",
                "tags": {},
                "tags_all": {},
                "throughput": 125,
                "volume_id": "vol-08b339abd06ec3ce2",
                "volume_size": 8,
                "volume_type": "gp3"
              }
            ],
            "secondary_private_ips": [],
            "security_groups": [
              "default"
            ],
            "source_dest_check": true,
            "spot_instance_request_id": "",
            "subnet_id": "subnet-0dff7f03d88804de8",
            "tags": {},
            "tags_all": {},
            "tenancy": "default",
            "timeouts": null,
            "user_data": null,
            "user_data_base64": null,
            "user_data_replace_on_change": false,
            "volume_tags": null,
            "vpc_security_group_ids": [
              "sg-0267e19b59a5922ca"
            ]
          },
          "sensitive_attributes": [],
          "private": "eyJlMmJmYjczMC1lY2FhLTExZTYtOGY4OC0zNDM2M2JjN2M0YzAiOnsiY3JlYXRlIjo2MDAwMDAwMDAwMDAsImRlbGV0ZSI6MTIwMDAwMDAwMDAwMCwicmVhZCI6OTAwMDAwMDAwMDAwLCJ1cGRhdGUiOjYwMDAwMDAwMDAwMH0sInNjaGVtYV92ZXJzaW9uIjoiMSJ9",
          "dependencies": [
            "aws_iam_instance_profile.instance",
            "aws_iam_role.instance",
            "data.aws_iam_policy_document.assume_role"
          ]
        }
      ]
    }
  ],
  "check_results": null
}
